
Microsoft Visual Studio Solution File, Format Version 12.00
# Visual Studio 15
VisualStudioVersion = 15.0.27703.2042
MinimumVisualStudioVersion = 10.0.40219.1
Project("{FAE04EC0-301F-11D3-BF4B-00C04F79EFBC}") = "QQute", "QQute\QQute.csproj", "{0458F8B9-E3CC-4ABF-A0E6-49818CF5BB24}"
EndProject
Global
	GlobalSection(SolutionConfigurationPlatforms) = preSolution
		Debug|Any CPU = Debug|Any CPU
		Release|Any CPU = Release|Any CPU
	EndGlobalSection
	GlobalSection(ProjectConfigurationPlatforms) = postSolution
		{0458F8B9-E3CC-4ABF-A0E6-49818CF5BB24}.Debug|Any CPU.ActiveCfg = Debug|Any CPU
		{0458F8B9-E3CC-4ABF-A0E6-49818CF5BB24}.Debug|Any CPU.Build.0 = Debug|Any CPU
		{0458F8B9-E3CC-4ABF-A0E6-49818CF5BB24}.Release|Any CPU.ActiveCfg = Release|Any CPU
		{0458F8B9-E3CC-4ABF-A0E6-49818CF5BB24}.Release|Any CPU.Build.0 = Release|Any CPU
	EndGlobalSection
	GlobalSection(SolutionProperties) = preSolution
		HideSolutionNode = FALSE
	EndGlobalSection
	GlobalSection(ExtensibilityGlobals) = postSolution
		SolutionGuid = {189DA425-1BFB-43FA-B435-28D500A2522F}
	EndGlobalSection
EndGlobal
